// !$*UTF8*$!
{
	archiveVersion = 1;
	classes = {
	};
	objectVersion = 46;
	objects = {

/* Begin PBXBuildFile section */
		5EC2146619D81C0A003D0F87 /* AppDelegate.swift in Sources */ = {isa = PBXBuildFile; fileRef = 5EC2146519D81C0A003D0F87 /* AppDelegate.swift */; };
		5EC2146819D81C0A003D0F87 /* ViewController.swift in Sources */ = {isa = PBXBuildFile; fileRef = 5EC2146719D81C0A003D0F87 /* ViewController.swift */; };
		5EC2146B19D81C0A003D0F87 /* Main.storyboard in Resources */ = {isa = PBXBuildFile; fileRef = 5EC2146919D81C0A003D0F87 /* Main.storyboard */; };
		5EC2146D19D81C0A003D0F87 /* Images.xcassets in Resources */ = {isa = PBXBuildFile; fileRef = 5EC2146C19D81C0A003D0F87 /* Images.xcassets */; };
		5EC2147019D81C0A003D0F87 /* LaunchScreen.xib in Resources */ = {isa = PBXBuildFile; fileRef = 5EC2146E19D81C0A003D0F87 /* LaunchScreen.xib */; };
		5EC2147C19D81C0B003D0F87 /* Cat_YearsTests.swift in Sources */ = {isa = PBXBuildFile; fileRef = 5EC2147B19D81C0B003D0F87 /* Cat_YearsTests.swift */; };
		5EC2148619D82069003D0F87 /* 11ec71f4b5adce762099c3c0e7d5489b.png in Resources */ = {isa = PBXBuildFile; fileRef = 5EC2148519D82069003D0F87 /* 11ec71f4b5adce762099c3c0e7d5489b.png */; };
		5EC2149019D832C9003D0F87 /* AppDelegate.swift in Sources */ = {isa = PBXBuildFile; fileRef = 5EC2148F19D832C9003D0F87 /* AppDelegate.swift */; };
		5EC2149219D832C9003D0F87 /* ViewController.swift in Sources */ = {isa = PBXBuildFile; fileRef = 5EC2149119D832C9003D0F87 /* ViewController.swift */; };
		5EC2149519D832C9003D0F87 /* Main.storyboard in Resources */ = {isa = PBXBuildFile; fileRef = 5EC2149319D832C9003D0F87 /* Main.storyboard */; };
		5EC2149719D832C9003D0F87 /* Images.xcassets in Resources */ = {isa = PBXBuildFile; fileRef = 5EC2149619D832C9003D0F87 /* Images.xcassets */; };
		5EC2149A19D832C9003D0F87 /* LaunchScreen.xib in Resources */ = {isa = PBXBuildFile; fileRef = 5EC2149819D832C9003D0F87 /* LaunchScreen.xib */; };
		5EC214A619D832C9003D0F87 /* Learning_SwoftTests.swift in Sources */ = {isa = PBXBuildFile; fileRef = 5EC214A519D832C9003D0F87 /* Learning_SwoftTests.swift */; };
/* End PBXBuildFile section */

/* Begin PBXContainerItemProxy section */
		5EC2147619D81C0B003D0F87 /* PBXContainerItemProxy */ = {
			isa = PBXContainerItemProxy;
			containerPortal = 5EC2145819D81C0A003D0F87 /* Project object */;
			proxyType = 1;
			remoteGlobalIDString = 5EC2145F19D81C0A003D0F87;
			remoteInfo = "Cat Years";
		};
		5EC214A019D832C9003D0F87 /* PBXContainerItemProxy */ = {
			isa = PBXContainerItemProxy;
			containerPortal = 5EC2145819D81C0A003D0F87 /* Project object */;
			proxyType = 1;
			remoteGlobalIDString = 5EC2148A19D832C9003D0F87;
			remoteInfo = "Learning Swoft";
		};
/* End PBXContainerItemProxy section */

/* Begin PBXFileReference section */
		5EC2146019D81C0A003D0F87 /* Cat Years.app */ = {isa = PBXFileReference; explicitFileType = wrapper.application; includeInIndex = 0; path = "Cat Years.app"; sourceTree = BUILT_PRODUCTS_DIR; };
		5EC2146419D81C0A003D0F87 /* Info.plist */ = {isa = PBXFileReference; lastKnownFileType = text.plist.xml; path = Info.plist; sourceTree = "<group>"; };
		5EC2146519D81C0A003D0F87 /* AppDelegate.swift */ = {isa = PBXFileReference; lastKnownFileType = sourcecode.swift; path = AppDelegate.swift; sourceTree = "<group>"; };
		5EC2146719D81C0A003D0F87 /* ViewController.swift */ = {isa = PBXFileReference; lastKnownFileType = sourcecode.swift; path = ViewController.swift; sourceTree = "<group>"; };
		5EC2146A19D81C0A003D0F87 /* Base */ = {isa = PBXFileReference; lastKnownFileType = file.storyboard; name = Base; path = Base.lproj/Main.storyboard; sourceTree = "<group>"; };
		5EC2146C19D81C0A003D0F87 /* Images.xcassets */ = {isa = PBXFileReference; lastKnownFileType = folder.assetcatalog; path = Images.xcassets; sourceTree = "<group>"; };
		5EC2146F19D81C0A003D0F87 /* Base */ = {isa = PBXFileReference; lastKnownFileType = file.xib; name = Base; path = Base.lproj/LaunchScreen.xib; sourceTree = "<group>"; };
		5EC2147519D81C0B003D0F87 /* Cat YearsTests.xctest */ = {isa = PBXFileReference; explicitFileType = wrapper.cfbundle; includeInIndex = 0; path = "Cat YearsTests.xctest"; sourceTree = BUILT_PRODUCTS_DIR; };
		5EC2147A19D81C0B003D0F87 /* Info.plist */ = {isa = PBXFileReference; lastKnownFileType = text.plist.xml; path = Info.plist; sourceTree = "<group>"; };
		5EC2147B19D81C0B003D0F87 /* Cat_YearsTests.swift */ = {isa = PBXFileReference; lastKnownFileType = sourcecode.swift; path = Cat_YearsTests.swift; sourceTree = "<group>"; };
		5EC2148519D82069003D0F87 /* 11ec71f4b5adce762099c3c0e7d5489b.png */ = {isa = PBXFileReference; lastKnownFileType = image.png; path = 11ec71f4b5adce762099c3c0e7d5489b.png; sourceTree = "<group>"; };
		5EC2148B19D832C9003D0F87 /* Learning Swoft.app */ = {isa = PBXFileReference; explicitFileType = wrapper.application; includeInIndex = 0; path = "Learning Swoft.app"; sourceTree = BUILT_PRODUCTS_DIR; };
		5EC2148E19D832C9003D0F87 /* Info.plist */ = {isa = PBXFileReference; lastKnownFileType = text.plist.xml; path = Info.plist; sourceTree = "<group>"; };
		5EC2148F19D832C9003D0F87 /* AppDelegate.swift */ = {isa = PBXFileReference; lastKnownFileType = sourcecode.swift; path = AppDelegate.swift; sourceTree = "<group>"; };
		5EC2149119D832C9003D0F87 /* ViewController.swift */ = {isa = PBXFileReference; lastKnownFileType = sourcecode.swift; path = ViewController.swift; sourceTree = "<group>"; };
		5EC2149419D832C9003D0F87 /* Base */ = {isa = PBXFileReference; lastKnownFileType = file.storyboard; name = Base; path = Base.lproj/Main.storyboard; sourceTree = "<group>"; };
		5EC2149619D832C9003D0F87 /* Images.xcassets */ = {isa = PBXFileReference; lastKnownFileType = folder.assetcatalog; path = Images.xcassets; sourceTree = "<group>"; };
		5EC2149919D832C9003D0F87 /* Base */ = {isa = PBXFileReference; lastKnownFileType = file.xib; name = Base; path = Base.lproj/LaunchScreen.xib; sourceTree = "<group>"; };
		5EC2149F19D832C9003D0F87 /* Learning SwoftTests.xctest */ = {isa = PBXFileReference; explicitFileType = wrapper.cfbundle; includeInIndex = 0; path = "Learning SwoftTests.xctest"; sourceTree = BUILT_PRODUCTS_DIR; };
		5EC214A419D832C9003D0F87 /* Info.plist */ = {isa = PBXFileReference; lastKnownFileType = text.plist.xml; path = Info.plist; sourceTree = "<group>"; };
		5EC214A519D832C9003D0F87 /* Learning_SwoftTests.swift */ = {isa = PBXFileReference; lastKnownFileType = sourcecode.swift; path = Learning_SwoftTests.swift; sourceTree = "<group>"; };
/* End PBXFileReference section */

/* Begin PBXFrameworksBuildPhase section */
		5EC2145D19D81C0A003D0F87 /* Frameworks */ = {
			isa = PBXFrameworksBuildPhase;
			buildActionMask = 2147483647;
			files = (
			);
			runOnlyForDeploymentPostprocessing = 0;
		};
		5EC2147219D81C0B003D0F87 /* Frameworks */ = {
			isa = PBXFrameworksBuildPhase;
			buildActionMask = 2147483647;
			files = (
			);
			runOnlyForDeploymentPostprocessing = 0;
		};
		5EC2148819D832C9003D0F87 /* Frameworks */ = {
			isa = PBXFrameworksBuildPhase;
			buildActionMask = 2147483647;
			files = (
			);
			runOnlyForDeploymentPostprocessing = 0;
		};
		5EC2149C19D832C9003D0F87 /* Frameworks */ = {
			isa = PBXFrameworksBuildPhase;
			buildActionMask = 2147483647;
			files = (
			);
			runOnlyForDeploymentPostprocessing = 0;
		};
/* End PBXFrameworksBuildPhase section */

/* Begin PBXGroup section */
		5EC2145719D81C0A003D0F87 = {
			isa = PBXGroup;
			children = (
				5EC2146219D81C0A003D0F87 /* Cat Years */,
				5EC2147819D81C0B003D0F87 /* Cat YearsTests */,
				5EC2148C19D832C9003D0F87 /* Learning Swoft */,
				5EC214A219D832C9003D0F87 /* Learning SwoftTests */,
				5EC2146119D81C0A003D0F87 /* Products */,
			);
			sourceTree = "<group>";
		};
		5EC2146119D81C0A003D0F87 /* Products */ = {
			isa = PBXGroup;
			children = (
				5EC2146019D81C0A003D0F87 /* Cat Years.app */,
				5EC2147519D81C0B003D0F87 /* Cat YearsTests.xctest */,
				5EC2148B19D832C9003D0F87 /* Learning Swoft.app */,
				5EC2149F19D832C9003D0F87 /* Learning SwoftTests.xctest */,
			);
			name = Products;
			sourceTree = "<group>";
		};
		5EC2146219D81C0A003D0F87 /* Cat Years */ = {
			isa = PBXGroup;
			children = (
				5EC2146519D81C0A003D0F87 /* AppDelegate.swift */,
				5EC2146719D81C0A003D0F87 /* ViewController.swift */,
				5EC2146919D81C0A003D0F87 /* Main.storyboard */,
				5EC2146C19D81C0A003D0F87 /* Images.xcassets */,
				5EC2148519D82069003D0F87 /* 11ec71f4b5adce762099c3c0e7d5489b.png */,
				5EC2146E19D81C0A003D0F87 /* LaunchScreen.xib */,
				5EC2146319D81C0A003D0F87 /* Supporting Files */,
			);
			path = "Cat Years";
			sourceTree = "<group>";
		};
		5EC2146319D81C0A003D0F87 /* Supporting Files */ = {
			isa = PBXGroup;
			children = (
				5EC2146419D81C0A003D0F87 /* Info.plist */,
			);
			name = "Supporting Files";
			sourceTree = "<group>";
		};
		5EC2147819D81C0B003D0F87 /* Cat YearsTests */ = {
			isa = PBXGroup;
			children = (
				5EC2147B19D81C0B003D0F87 /* Cat_YearsTests.swift */,
				5EC2147919D81C0B003D0F87 /* Supporting Files */,
			);
			path = "Cat YearsTests";
			sourceTree = "<group>";
		};
		5EC2147919D81C0B003D0F87 /* Supporting Files */ = {
			isa = PBXGroup;
			children = (
				5EC2147A19D81C0B003D0F87 /* Info.plist */,
			);
			name = "Supporting Files";
			sourceTree = "<group>";
		};
		5EC2148C19D832C9003D0F87 /* Learning Swoft */ = {
			isa = PBXGroup;
			children = (
				5EC2148F19D832C9003D0F87 /* AppDelegate.swift */,
				5EC2149119D832C9003D0F87 /* ViewController.swift */,
				5EC2149319D832C9003D0F87 /* Main.storyboard */,
				5EC2149619D832C9003D0F87 /* Images.xcassets */,
				5EC2149819D832C9003D0F87 /* LaunchScreen.xib */,
				5EC2148D19D832C9003D0F87 /* Supporting Files */,
			);
			path = "Learning Swoft";
			sourceTree = "<group>";
		};
		5EC2148D19D832C9003D0F87 /* Supporting Files */ = {
			isa = PBXGroup;
			children = (
				5EC2148E19D832C9003D0F87 /* Info.plist */,
			);
			name = "Supporting Files";
			sourceTree = "<group>";
		};
		5EC214A219D832C9003D0F87 /* Learning SwoftTests */ = {
			isa = PBXGroup;
			children = (
				5EC214A519D832C9003D0F87 /* Learning_SwoftTests.swift */,
				5EC214A319D832C9003D0F87 /* Supporting Files */,
			);
			path = "Learning SwoftTests";
			sourceTree = "<group>";
		};
		5EC214A319D832C9003D0F87 /* Supporting Files */ = {
			isa = PBXGroup;
			children = (
				5EC214A419D832C9003D0F87 /* Info.plist */,
			);
			name = "Supporting Files";
			sourceTree = "<group>";
		};
/* End PBXGroup section */

/* Begin PBXNativeTarget section */
		5EC2145F19D81C0A003D0F87 /* Cat Years */ = {
			isa = PBXNativeTarget;
			buildConfigurationList = 5EC2147F19D81C0B003D0F87 /* Build configuration list for PBXNativeTarget "Cat Years" */;
			buildPhases = (
				5EC2145C19D81C0A003D0F87 /* Sources */,
				5EC2145D19D81C0A003D0F87 /* Frameworks */,
				5EC2145E19D81C0A003D0F87 /* Resources */,
			);
			buildRules = (
			);
			dependencies = (
			);
			name = "Cat Years";
			productName = "Cat Years";
			productReference = 5EC2146019D81C0A003D0F87 /* Cat Years.app */;
			productType = "com.apple.product-type.application";
		};
		5EC2147419D81C0B003D0F87 /* Cat YearsTests */ = {
			isa = PBXNativeTarget;
			buildConfigurationList = 5EC2148219D81C0B003D0F87 /* Build configuration list for PBXNativeTarget "Cat YearsTests" */;
			buildPhases = (
				5EC2147119D81C0B003D0F87 /* Sources */,
				5EC2147219D81C0B003D0F87 /* Frameworks */,
				5EC2147319D81C0B003D0F87 /* Resources */,
			);
			buildRules = (
			);
			dependencies = (
				5EC2147719D81C0B003D0F87 /* PBXTargetDependency */,
			);
			name = "Cat YearsTests";
			productName = "Cat YearsTests";
			productReference = 5EC2147519D81C0B003D0F87 /* Cat YearsTests.xctest */;
			productType = "com.apple.product-type.bundle.unit-test";
		};
		5EC2148A19D832C9003D0F87 /* Learning Swoft */ = {
			isa = PBXNativeTarget;
			buildConfigurationList = 5EC214A719D832C9003D0F87 /* Build configuration list for PBXNativeTarget "Learning Swoft" */;
			buildPhases = (
				5EC2148719D832C9003D0F87 /* Sources */,
				5EC2148819D832C9003D0F87 /* Frameworks */,
				5EC2148919D832C9003D0F87 /* Resources */,
			);
			buildRules = (
			);
			dependencies = (
			);
			name = "Learning Swoft";
			productName = "Learning Swoft";
			productReference = 5EC2148B19D832C9003D0F87 /* Learning Swoft.app */;
			productType = "com.apple.product-type.application";
		};
		5EC2149E19D832C9003D0F87 /* Learning SwoftTests */ = {
			isa = PBXNativeTarget;
			buildConfigurationList = 5EC214AA19D832C9003D0F87 /* Build configuration list for PBXNativeTarget "Learning SwoftTests" */;
			buildPhases = (
				5EC2149B19D832C9003D0F87 /* Sources */,
				5EC2149C19D832C9003D0F87 /* Frameworks */,
				5EC2149D19D832C9003D0F87 /* Resources */,
			);
			buildRules = (
			);
			dependencies = (
				5EC214A119D832C9003D0F87 /* PBXTargetDependency */,
			);
			name = "Learning SwoftTests";
			productName = "Learning SwoftTests";
			productReference = 5EC2149F19D832C9003D0F87 /* Learning SwoftTests.xctest */;
			productType = "com.apple.product-type.bundle.unit-test";
		};
/* End PBXNativeTarget section */

/* Begin PBXProject section */
		5EC2145819D81C0A003D0F87 /* Project object */ = {
			isa = PBXProject;
			attributes = {
				LastUpgradeCheck = 0610;
				ORGANIZATIONNAME = "Pradhan George Amadala";
				TargetAttributes = {
					5EC2145F19D81C0A003D0F87 = {
						CreatedOnToolsVersion = 6.1;
					};
					5EC2147419D81C0B003D0F87 = {
						CreatedOnToolsVersion = 6.1;
						TestTargetID = 5EC2145F19D81C0A003D0F87;
					};
					5EC2148A19D832C9003D0F87 = {
						CreatedOnToolsVersion = 6.1;
					};
					5EC2149E19D832C9003D0F87 = {
						CreatedOnToolsVersion = 6.1;
						TestTargetID = 5EC2148A19D832C9003D0F87;
					};
				};
			};
			buildConfigurationList = 5EC2145B19D81C0A003D0F87 /* Build configuration list for PBXProject "Cat Years" */;
			compatibilityVersion = "Xcode 3.2";
			developmentRegion = English;
			hasScannedForEncodings = 0;
			knownRegions = (
				en,
				Base,
			);
			mainGroup = 5EC2145719D81C0A003D0F87;
			productRefGroup = 5EC2146119D81C0A003D0F87 /* Products */;
			projectDirPath = "";
			projectRoot = "";
			targets = (
				5EC2145F19D81C0A003D0F87 /* Cat Years */,
				5EC2147419D81C0B003D0F87 /* Cat YearsTests */,
				5EC2148A19D832C9003D0F87 /* Learning Swoft */,
				5EC2149E19D832C9003D0F87 /* Learning SwoftTests */,
			);
		};
/* End PBXProject section */

/* Begin PBXResourcesBuildPhase section */
		5EC2145E19D81C0A003D0F87 /* Resources */ = {
			isa = PBXResourcesBuildPhase;
			buildActionMask = 2147483647;
			files = (
				5EC2146B19D81C0A003D0F87 /* Main.storyboard in Resources */,
				5EC2148619D82069003D0F87 /* 11ec71f4b5adce762099c3c0e7d5489b.png in Resources */,
				5EC2147019D81C0A003D0F87 /* LaunchScreen.xib in Resources */,
				5EC2146D19D81C0A003D0F87 /* Images.xcassets in Resources */,
			);
			runOnlyForDeploymentPostprocessing = 0;
		};
		5EC2147319D81C0B003D0F87 /* Resources */ = {
			isa = PBXResourcesBuildPhase;
			buildActionMask = 2147483647;
			files = (
			);
			runOnlyForDeploymentPostprocessing = 0;
		};
		5EC2148919D832C9003D0F87 /* Resources */ = {
			isa = PBXResourcesBuildPhase;
			buildActionMask = 2147483647;
			files = (
				5EC2149519D832C9003D0F87 /* Main.storyboard in Resources */,
				5EC2149A19D832C9003D0F87 /* LaunchScreen.xib in Resources */,
				5EC2149719D832C9003D0F87 /* Images.xcassets in Resources */,
			);
			runOnlyForDeploymentPostprocessing = 0;
		};
		5EC2149D19D832C9003D0F87 /* Resources */ = {
			isa = PBXResourcesBuildPhase;
			buildActionMask = 2147483647;
			files = (
			);
			runOnlyForDeploymentPostprocessing = 0;
		};
/* End PBXResourcesBuildPhase section */

/* Begin PBXSourcesBuildPhase section */
		5EC2145C19D81C0A003D0F87 /* Sources */ = {
			isa = PBXSourcesBuildPhase;
			buildActionMask = 2147483647;
			files = (
				5EC2146819D81C0A003D0F87 /* ViewController.swift in Sources */,
				5EC2146619D81C0A003D0F87 /* AppDelegate.swift in Sources */,
			);
			runOnlyForDeploymentPostprocessing = 0;
		};
		5EC2147119D81C0B003D0F87 /* Sources */ = {
			isa = PBXSourcesBuildPhase;
			buildActionMask = 2147483647;
			files = (
				5EC2147C19D81C0B003D0F87 /* Cat_YearsTests.swift in Sources */,
			);
			runOnlyForDeploymentPostprocessing = 0;
		};
		5EC2148719D832C9003D0F87 /* Sources */ = {
			isa = PBXSourcesBuildPhase;
			buildActionMask = 2147483647;
			files = (
				5EC2149219D832C9003D0F87 /* ViewController.swift in Sources */,
				5EC2149019D832C9003D0F87 /* AppDelegate.swift in Sources */,
			);
			runOnlyForDeploymentPostprocessing = 0;
		};
		5EC2149B19D832C9003D0F87 /* Sources */ = {
			isa = PBXSourcesBuildPhase;
			buildActionMask = 2147483647;
			files = (
				5EC214A619D832C9003D0F87 /* Learning_SwoftTests.swift in Sources */,
			);
			runOnlyForDeploymentPostprocessing = 0;
		};
/* End PBXSourcesBuildPhase section */

/* Begin PBXTargetDependency section */
		5EC2147719D81C0B003D0F87 /* PBXTargetDependency */ = {
			isa = PBXTargetDependency;
			target = 5EC2145F19D81C0A003D0F87 /* Cat Years */;
			targetProxy = 5EC2147619D81C0B003D0F87 /* PBXContainerItemProxy */;
		};
		5EC214A119D832C9003D0F87 /* PBXTargetDependency */ = {
			isa = PBXTargetDependency;
			target = 5EC2148A19D832C9003D0F87 /* Learning Swoft */;
			targetProxy = 5EC214A019D832C9003D0F87 /* PBXContainerItemProxy */;
		};
/* End PBXTargetDependency section */

/* Begin PBXVariantGroup section */
		5EC2146919D81C0A003D0F87 /* Main.storyboard */ = {
			isa = PBXVariantGroup;
			children = (
				5EC2146A19D81C0A003D0F87 /* Base */,
			);
			name = Main.storyboard;
			sourceTree = "<group>";
		};
		5EC2146E19D81C0A003D0F87 /* LaunchScreen.xib */ = {
			isa = PBXVariantGroup;
			children = (
				5EC2146F19D81C0A003D0F87 /* Base */,
			);
			name = LaunchScreen.xib;
			sourceTree = "<group>";
		};
		5EC2149319D832C9003D0F87 /* Main.storyboard */ = {
			isa = PBXVariantGroup;
			children = (
				5EC2149419D832C9003D0F87 /* Base */,
			);
			name = Main.storyboard;
			sourceTree = "<group>";
		};
		5EC2149819D832C9003D0F87 /* LaunchScreen.xib */ = {
			isa = PBXVariantGroup;
			children = (
				5EC2149919D832C9003D0F87 /* Base */,
			);
			name = LaunchScreen.xib;
			sourceTree = "<group>";
		};
/* End PBXVariantGroup section */

/* Begin XCBuildConfiguration section */
		5EC2147D19D81C0B003D0F87 /* Debug */ = {
			isa = XCBuildConfiguration;
			buildSettings = {
				ALWAYS_SEARCH_USER_PATHS = NO;
				CLANG_CXX_LANGUAGE_STANDARD = "gnu++0x";
				CLANG_CXX_LIBRARY = "libc++";
				CLANG_ENABLE_MODULES = YES;
				CLANG_ENABLE_OBJC_ARC = YES;
				CLANG_WARN_BOOL_CONVERSION = YES;
				CLANG_WARN_CONSTANT_CONVERSION = YES;
				CLANG_WARN_DIRECT_OBJC_ISA_USAGE = YES_ERROR;
				CLANG_WARN_EMPTY_BODY = YES;
				CLANG_WARN_ENUM_CONVERSION = YES;
				CLANG_WARN_INT_CONVERSION = YES;
				CLANG_WARN_OBJC_ROOT_CLASS = YES_ERROR;
				CLANG_WARN_UNREACHABLE_CODE = YES;
				CLANG_WARN__DUPLICATE_METHOD_MATCH = YES;
				"CODE_SIGN_IDENTITY[sdk=iphoneos*]" = "iPhone Developer";
				COPY_PHASE_STRIP = NO;
				ENABLE_STRICT_OBJC_MSGSEND = YES;
				GCC_C_LANGUAGE_STANDARD = gnu99;
				GCC_DYNAMIC_NO_PIC = NO;
				GCC_OPTIMIZATION_LEVEL = 0;
				GCC_PREPROCESSOR_DEFINITIONS = (
					"DEBUG=1",
					"$(inherited)",
				);
				GCC_SYMBOLS_PRIVATE_EXTERN = NO;
				GCC_WARN_64_TO_32_BIT_CONVERSION = YES;
				GCC_WARN_ABOUT_RETURN_TYPE = YES_ERROR;
				GCC_WARN_UNDECLARED_SELECTOR = YES;
				GCC_WARN_UNINITIALIZED_AUTOS = YES_AGGRESSIVE;
				GCC_WARN_UNUSED_FUNCTION = YES;
				GCC_WARN_UNUSED_VARIABLE = YES;
				IPHONEOS_DEPLOYMENT_TARGET = 8.0;
				MTL_ENABLE_DEBUG_INFO = YES;
				ONLY_ACTIVE_ARCH = YES;
				SDKROOT = iphoneos;
				SWIFT_OPTIMIZATION_LEVEL = "-Onone";
			};
			name = Debug;
		};
		5EC2147E19D81C0B003D0F87 /* Release */ = {
			isa = XCBuildConfiguration;
			buildSettings = {
				ALWAYS_SEARCH_USER_PATHS = NO;
				CLANG_CXX_LANGUAGE_STANDARD = "gnu++0x";
				CLANG_CXX_LIBRARY = "libc++";
				CLANG_ENABLE_MODULES = YES;
				CLANG_ENABLE_OBJC_ARC = YES;
				CLANG_WARN_BOOL_CONVERSION = YES;
				CLANG_WARN_CONSTANT_CONVERSION = YES;
				CLANG_WARN_DIRECT_OBJC_ISA_USAGE = YES_ERROR;
				CLANG_WARN_EMPTY_BODY = YES;
				CLANG_WARN_ENUM_CONVERSION = YES;
				CLANG_WARN_INT_CONVERSION = YES;
				CLANG_WARN_OBJC_ROOT_CLASS = YES_ERROR;
				CLANG_WARN_UNREACHABLE_CODE = YES;
				CLANG_WARN__DUPLICATE_METHOD_MATCH = YES;
				"CODE_SIGN_IDENTITY[sdk=iphoneos*]" = "iPhone Developer";
				COPY_PHASE_STRIP = YES;
				ENABLE_NS_ASSERTIONS = NO;
				ENABLE_STRICT_OBJC_MSGSEND = YES;
				GCC_C_LANGUAGE_STANDARD = gnu99;
				GCC_WARN_64_TO_32_BIT_CONVERSION = YES;
				GCC_WARN_ABOUT_RETURN_TYPE = YES_ERROR;
				GCC_WARN_UNDECLARED_SELECTOR = YES;
				GCC_WARN_UNINITIALIZED_AUTOS = YES_AGGRESSIVE;
				GCC_WARN_UNUSED_FUNCTION = YES;
				GCC_WARN_UNUSED_VARIABLE = YES;
				IPHONEOS_DEPLOYMENT_TARGET = 8.0;
				MTL_ENABLE_DEBUG_INFO = NO;
				SDKROOT = iphoneos;
				VALIDATE_PRODUCT = YES;
			};
			name = Release;
		};
		5EC2148019D81C0B003D0F87 /* Debug */ = {
			isa = XCBuildConfiguration;
			buildSettings = {
				ASSETCATALOG_COMPILER_APPICON_NAME = AppIcon;
				INFOPLIST_FILE = "Cat Years/Info.plist";
				LD_RUNPATH_SEARCH_PATHS = "$(inherited) @executable_path/Frameworks";
				PRODUCT_NAME = "$(TARGET_NAME)";
			};
			name = Debug;
		};
		5EC2148119D81C0B003D0F87 /* Release */ = {
			isa = XCBuildConfiguration;
			buildSettings = {
				ASSETCATALOG_COMPILER_APPICON_NAME = AppIcon;
				INFOPLIST_FILE = "Cat Years/Info.plist";
				LD_RUNPATH_SEARCH_PATHS = "$(inherited) @executable_path/Frameworks";
				PRODUCT_NAME = "$(TARGET_NAME)";
			};
			name = Release;
		};
		5EC2148319D81C0B003D0F87 /* Debug */ = {
			isa = XCBuildConfiguration;
			buildSettings = {
				BUNDLE_LOADER = "$(TEST_HOST)";
				FRAMEWORK_SEARCH_PATHS = (
					"$(SDKROOT)/Developer/Library/Frameworks",
					"$(inherited)",
				);
				GCC_PREPROCESSOR_DEFINITIONS = (
					"DEBUG=1",
					"$(inherited)",
				);
				INFOPLIST_FILE = "Cat YearsTests/Info.plist";
				LD_RUNPATH_SEARCH_PATHS = "$(inherited) @executable_path/Frameworks @loader_path/Frameworks";
				PRODUCT_NAME = "$(TARGET_NAME)";
				TEST_HOST = "$(BUILT_PRODUCTS_DIR)/Cat Years.app/Cat Years";
			};
			name = Debug;
		};
		5EC2148419D81C0B003D0F87 /* Release */ = {
			isa = XCBuildConfiguration;
			buildSettings = {
				BUNDLE_LOADER = "$(TEST_HOST)";
				FRAMEWORK_SEARCH_PATHS = (
					"$(SDKROOT)/Developer/Library/Frameworks",
					"$(inherited)",
				);
				INFOPLIST_FILE = "Cat YearsTests/Info.plist";
				LD_RUNPATH_SEARCH_PATHS = "$(inherited) @executable_path/Frameworks @loader_path/Frameworks";
				PRODUCT_NAME = "$(TARGET_NAME)";
				TEST_HOST = "$(BUILT_PRODUCTS_DIR)/Cat Years.app/Cat Years";
			};
			name = Release;
		};
		5EC214A819D832C9003D0F87 /* Debug */ = {
			isa = XCBuildConfiguration;
			buildSettings = {
				ASSETCATALOG_COMPILER_APPICON_NAME = AppIcon;
				GCC_PREPROCESSOR_DEFINITIONS = (
					"DEBUG=1",
					"$(inherited)",
				);
				INFOPLIST_FILE = "Learning Swoft/Info.plist";
				LD_RUNPATH_SEARCH_PATHS = "$(inherited) @executable_path/Frameworks";
				PRODUCT_NAME = "$(TARGET_NAME)";
			};
			name = Debug;
		};
		5EC214A919D832C9003D0F87 /* Release */ = {
			isa = XCBuildConfiguration;
			buildSettings = {
				ASSETCATALOG_COMPILER_APPICON_NAME = AppIcon;
				INFOPLIST_FILE = "Learning Swoft/Info.plist";
				LD_RUNPATH_SEARCH_PATHS = "$(inherited) @executable_path/Frameworks";
				PRODUCT_NAME = "$(TARGET_NAME)";
			};
			name = Release;
		};
		5EC214AB19D832C9003D0F87 /* Debug */ = {
			isa = XCBuildConfiguration;
			buildSettings = {
				BUNDLE_LOADER = "$(TEST_HOST)";
				FRAMEWORK_SEARCH_PATHS = (
					"$(SDKROOT)/Developer/Library/Frameworks",
					"$(inherited)",
				);
				GCC_PREPROCESSOR_DEFINITIONS = (
					"DEBUG=1",
					"$(inherited)",
				);
				INFOPLIST_FILE = "Learning SwoftTests/Info.plist";
				LD_RUNPATH_SEARCH_PATHS = "$(inherited) @executable_path/Frameworks @loader_path/Frameworks";
				PRODUCT_NAME = "$(TARGET_NAME)";
				TEST_HOST = "$(BUILT_PRODUCTS_DIR)/Learning Swoft.app/Learning Swoft";
			};
			name = Debug;
		};
		5EC214AC19D832C9003D0F87 /* Release */ = {
			isa = XCBuildConfiguration;
			buildSettings = {
				BUNDLE_LOADER = "$(TEST_HOST)";
				FRAMEWORK_SEARCH_PATHS = (
					"$(SDKROOT)/Developer/Library/Frameworks",
					"$(inherited)",
				);
				INFOPLIST_FILE = "Learning SwoftTests/Info.plist";
				LD_RUNPATH_SEARCH_PATHS = "$(inherited) @executable_path/Frameworks @loader_path/Frameworks";
				PRODUCT_NAME = "$(TARGET_NAME)";
				TEST_HOST = "$(BUILT_PRODUCTS_DIR)/Learning Swoft.app/Learning Swoft";
			};
			name = Release;
		};
/* End XCBuildConfiguration section */

/* Begin XCConfigurationList section */
		5EC2145B19D81C0A003D0F87 /* Build configuration list for PBXProject "Cat Years" */ = {
			isa = XCConfigurationList;
			buildConfigurations = (
				5EC2147D19D81C0B003D0F87 /* Debug */,
				5EC2147E19D81C0B003D0F87 /* Release */,
			);
			defaultConfigurationIsVisible = 0;
			defaultConfigurationName = Release;
		};
		5EC2147F19D81C0B003D0F87 /* Build configuration list for PBXNativeTarget "Cat Years" */ = {
			isa = XCConfigurationList;
			buildConfigurations = (
				5EC2148019D81C0B003D0F87 /* Debug */,
				5EC2148119D81C0B003D0F87 /* Release */,
			);
			defaultConfigurationIsVisible = 0;
		};
		5EC2148219D81C0B003D0F87 /* Build configuration list for PBXNativeTarget "Cat YearsTests" */ = {
			isa = XCConfigurationList;
			buildConfigurations = (
				5EC2148319D81C0B003D0F87 /* Debug */,
				5EC2148419D81C0B003D0F87 /* Release */,
			);
			defaultConfigurationIsVisible = 0;
		};
		5EC214A719D832C9003D0F87 /* Build configuration list for PBXNativeTarget "Learning Swoft" */ = {
			isa = XCConfigurationList;
			buildConfigurations = (
				5EC214A819D832C9003D0F87 /* Debug */,
				5EC214A919D832C9003D0F87 /* Release */,
			);
			defaultConfigurationIsVisible = 0;
		};
		5EC214AA19D832C9003D0F87 /* Build configuration list for PBXNativeTarget "Learning SwoftTests" */ = {
			isa = XCConfigurationList;
			buildConfigurations = (
				5EC214AB19D832C9003D0F87 /* Debug */,
				5EC214AC19D832C9003D0F87 /* Release */,
			);
			defaultConfigurationIsVisible = 0;
		};
/* End XCConfigurationList section */
	};
	rootObject = 5EC2145819D81C0A003D0F87 /* Project object */;
}
